
Microsoft Visual Studio Solution File, Format Version 12.00
# Visual Studio 2015
Project("{FAE04EC0-301F-11D3-BF4B-00C04F79EFBC}") = "Count 21.CSharp", "Count 21.CSharp.csproj", "{A28CE89A-2171-D4E7-40D3-509B73C35A6A}"
EndProject
Global
	GlobalSection(SolutionConfigurationPlatforms) = preSolution
		Debug|Any CPU = Debug|Any CPU
		Release|Any CPU = Release|Any CPU
	EndGlobalSection
	GlobalSection(ProjectConfigurationPlatforms) = postSolution
		{A28CE89A-2171-D4E7-40D3-509B73C35A6A}.Debug|Any CPU.ActiveCfg = Debug|Any CPU
		{A28CE89A-2171-D4E7-40D3-509B73C35A6A}.Debug|Any CPU.Build.0 = Debug|Any CPU
		{A28CE89A-2171-D4E7-40D3-509B73C35A6A}.Release|Any CPU.ActiveCfg = Release|Any CPU
		{A28CE89A-2171-D4E7-40D3-509B73C35A6A}.Release|Any CPU.Build.0 = Release|Any CPU
	EndGlobalSection
	GlobalSection(SolutionProperties) = preSolution
		HideSolutionNode = FALSE
	EndGlobalSection
EndGlobal
